
Microsoft Visual Studio Solution File, Format Version 12.00
# Visual Studio Version 16
VisualStudioVersion = 16.0.30907.101
MinimumVisualStudioVersion = 10.0.40219.1
Project("{FAE04EC0-301F-11D3-BF4B-00C04F79EFBC}") = "Task01", "Task01\Task01.csproj", "{F9FBE3EA-18ED-4CEF-8919-A93B3AD77EE5}"
EndProject
Project("{FAE04EC0-301F-11D3-BF4B-00C04F79EFBC}") = "Task02", "Task02\Task02.csproj", "{CA0DCD0F-2B1D-411B-A5AD-F294E6908C43}"
EndProject
Project("{FAE04EC0-301F-11D3-BF4B-00C04F79EFBC}") = "Task03", "Task03\Task03.csproj", "{2C780427-C286-4EA1-B18B-616D8097321F}"
EndProject
Project("{FAE04EC0-301F-11D3-BF4B-00C04F79EFBC}") = "Task04", "Task04\Task04.csproj", "{BF146601-F9A5-4DCF-B7AB-0F64775051E8}"
EndProject
Project("{FAE04EC0-301F-11D3-BF4B-00C04F79EFBC}") = "Task05", "Task05\Task05.csproj", "{36AADB63-A0B1-447F-8949-2360F891C7B1}"
EndProject
Global
	GlobalSection(SolutionConfigurationPlatforms) = preSolution
		Debug|Any CPU = Debug|Any CPU
		Release|Any CPU = Release|Any CPU
	EndGlobalSection
	GlobalSection(ProjectConfigurationPlatforms) = postSolution
		{F9FBE3EA-18ED-4CEF-8919-A93B3AD77EE5}.Debug|Any CPU.ActiveCfg = Debug|Any CPU
		{F9FBE3EA-18ED-4CEF-8919-A93B3AD77EE5}.Debug|Any CPU.Build.0 = Debug|Any CPU
		{F9FBE3EA-18ED-4CEF-8919-A93B3AD77EE5}.Release|Any CPU.ActiveCfg = Release|Any CPU
		{F9FBE3EA-18ED-4CEF-8919-A93B3AD77EE5}.Release|Any CPU.Build.0 = Release|Any CPU
		{CA0DCD0F-2B1D-411B-A5AD-F294E6908C43}.Debug|Any CPU.ActiveCfg = Debug|Any CPU
		{CA0DCD0F-2B1D-411B-A5AD-F294E6908C43}.Debug|Any CPU.Build.0 = Debug|Any CPU
		{CA0DCD0F-2B1D-411B-A5AD-F294E6908C43}.Release|Any CPU.ActiveCfg = Release|Any CPU
		{CA0DCD0F-2B1D-411B-A5AD-F294E6908C43}.Release|Any CPU.Build.0 = Release|Any CPU
		{2C780427-C286-4EA1-B18B-616D8097321F}.Debug|Any CPU.ActiveCfg = Debug|Any CPU
		{2C780427-C286-4EA1-B18B-616D8097321F}.Debug|Any CPU.Build.0 = Debug|Any CPU
		{2C780427-C286-4EA1-B18B-616D8097321F}.Release|Any CPU.ActiveCfg = Release|Any CPU
		{2C780427-C286-4EA1-B18B-616D8097321F}.Release|Any CPU.Build.0 = Release|Any CPU
		{BF146601-F9A5-4DCF-B7AB-0F64775051E8}.Debug|Any CPU.ActiveCfg = Debug|Any CPU
		{BF146601-F9A5-4DCF-B7AB-0F64775051E8}.Debug|Any CPU.Build.0 = Debug|Any CPU
		{BF146601-F9A5-4DCF-B7AB-0F64775051E8}.Release|Any CPU.ActiveCfg = Release|Any CPU
		{BF146601-F9A5-4DCF-B7AB-0F64775051E8}.Release|Any CPU.Build.0 = Release|Any CPU
		{36AADB63-A0B1-447F-8949-2360F891C7B1}.Debug|Any CPU.ActiveCfg = Debug|Any CPU
		{36AADB63-A0B1-447F-8949-2360F891C7B1}.Debug|Any CPU.Build.0 = Debug|Any CPU
		{36AADB63-A0B1-447F-8949-2360F891C7B1}.Release|Any CPU.ActiveCfg = Release|Any CPU
		{36AADB63-A0B1-447F-8949-2360F891C7B1}.Release|Any CPU.Build.0 = Release|Any CPU
	EndGlobalSection
	GlobalSection(SolutionProperties) = preSolution
		HideSolutionNode = FALSE
	EndGlobalSection
	GlobalSection(ExtensibilityGlobals) = postSolution
		SolutionGuid = {62046030-1328-47FA-94CE-B8E82DBB4979}
	EndGlobalSection
EndGlobal
